
Microsoft Visual Studio Solution File, Format Version 12.00
# Visual Studio 14
VisualStudioVersion = 14.0.25420.1
MinimumVisualStudioVersion = 10.0.40219.1
Project("{FAE04EC0-301F-11D3-BF4B-00C04F79EFBC}") = "Project-Aurora", "Project-Aurora\Project-Aurora.csproj", "{18D2D471-3F57-4ECE-9C62-836A801473D8}"
	ProjectSection(ProjectDependencies) = postProject
		{6F81D40A-6AA0-4C8B-A395-779EF3003CA4} = {6F81D40A-6AA0-4C8B-A395-779EF3003CA4}
		{A759300D-9550-47BA-8616-C24B6BC05A02} = {A759300D-9550-47BA-8616-C24B6BC05A02}
		{40085232-ACED-4CBE-945B-90BA8153C151} = {40085232-ACED-4CBE-945B-90BA8153C151}
		{004D1E3E-F20E-4ECA-ABB1-467D1CE2C173} = {004D1E3E-F20E-4ECA-ABB1-467D1CE2C173}
		{20259BE1-55C9-4EFB-9D30-C933F621B9D4} = {20259BE1-55C9-4EFB-9D30-C933F621B9D4}
		{7A7C78E5-0307-4139-9625-401A5A56C51F} = {7A7C78E5-0307-4139-9625-401A5A56C51F}
	EndProjectSection
EndProject
Project("{8BC9CEB8-8B4A-11D0-8D11-00A0C91BC942}") = "Aurora-LogiLEDWrapper", "Aurora-LogiLEDWrapper\Aurora-LogiLEDWrapper.vcxproj", "{20259BE1-55C9-4EFB-9D30-C933F621B9D4}"
EndProject
Project("{8BC9CEB8-8B4A-11D0-8D11-00A0C91BC942}") = "Aurora-RazerLEDWrapper", "Aurora-RazerLEDWrapper\Aurora-RazerLEDWrapper.vcxproj", "{004D1E3E-F20E-4ECA-ABB1-467D1CE2C173}"
EndProject
Project("{FAE04EC0-301F-11D3-BF4B-00C04F79EFBC}") = "Aurora-Updater", "Aurora-Updater\Aurora-Updater.csproj", "{6F81D40A-6AA0-4C8B-A395-779EF3003CA4}"
EndProject
Project("{8BC9CEB8-8B4A-11D0-8D11-00A0C91BC942}") = "Aurora-LeagueLogiLEDWrapper", "Aurora-LeagueLogiLEDWrapper\Aurora-LeagueLogiLEDWrapper.vcxproj", "{7A7C78E5-0307-4139-9625-401A5A56C51F}"
EndProject
Project("{8BC9CEB8-8B4A-11D0-8D11-00A0C91BC942}") = "Aurora-LightFXWrapper", "Aurora-LightFXWrapper\Aurora-LightFXWrapper.vcxproj", "{A759300D-9550-47BA-8616-C24B6BC05A02}"
EndProject
Project("{FAE04EC0-301F-11D3-BF4B-00C04F79EFBC}") = "Aurora-SkypeIntegration", "Aurora-SkypeIntegration\Aurora-SkypeIntegration.csproj", "{E9E9663C-153B-4977-9D0B-E87AFB93280A}"
EndProject
Project("{FAE04EC0-301F-11D3-BF4B-00C04F79EFBC}") = "ColorBox", "ColorBox\ColorBox.csproj", "{40085232-ACED-4CBE-945B-90BA8153C151}"
EndProject
Global
	GlobalSection(SolutionConfigurationPlatforms) = preSolution
		Debug|x64 = Debug|x64
		Debug|x86 = Debug|x86
		Release|x64 = Release|x64
		Release|x86 = Release|x86
	EndGlobalSection
	GlobalSection(ProjectConfigurationPlatforms) = postSolution
		{18D2D471-3F57-4ECE-9C62-836A801473D8}.Debug|x64.ActiveCfg = Debug|x64
		{18D2D471-3F57-4ECE-9C62-836A801473D8}.Debug|x64.Build.0 = Debug|x64
		{18D2D471-3F57-4ECE-9C62-836A801473D8}.Debug|x86.ActiveCfg = Debug|x86
		{18D2D471-3F57-4ECE-9C62-836A801473D8}.Debug|x86.Build.0 = Debug|x86
		{18D2D471-3F57-4ECE-9C62-836A801473D8}.Release|x64.ActiveCfg = Release|x64
		{18D2D471-3F57-4ECE-9C62-836A801473D8}.Release|x64.Build.0 = Release|x64
		{18D2D471-3F57-4ECE-9C62-836A801473D8}.Release|x86.ActiveCfg = Release|x86
		{18D2D471-3F57-4ECE-9C62-836A801473D8}.Release|x86.Build.0 = Release|x86
		{20259BE1-55C9-4EFB-9D30-C933F621B9D4}.Debug|x64.ActiveCfg = Release|x64
		{20259BE1-55C9-4EFB-9D30-C933F621B9D4}.Debug|x64.Build.0 = Release|x64
		{20259BE1-55C9-4EFB-9D30-C933F621B9D4}.Debug|x86.ActiveCfg = Release|Win32
		{20259BE1-55C9-4EFB-9D30-C933F621B9D4}.Debug|x86.Build.0 = Release|Win32
		{20259BE1-55C9-4EFB-9D30-C933F621B9D4}.Release|x64.ActiveCfg = Release|x64
		{20259BE1-55C9-4EFB-9D30-C933F621B9D4}.Release|x64.Build.0 = Release|x64
		{20259BE1-55C9-4EFB-9D30-C933F621B9D4}.Release|x86.ActiveCfg = Release|Win32
		{20259BE1-55C9-4EFB-9D30-C933F621B9D4}.Release|x86.Build.0 = Release|Win32
		{004D1E3E-F20E-4ECA-ABB1-467D1CE2C173}.Debug|x64.ActiveCfg = Release|x64
		{004D1E3E-F20E-4ECA-ABB1-467D1CE2C173}.Debug|x64.Build.0 = Release|x64
		{004D1E3E-F20E-4ECA-ABB1-467D1CE2C173}.Debug|x86.ActiveCfg = Release|Win32
		{004D1E3E-F20E-4ECA-ABB1-467D1CE2C173}.Debug|x86.Build.0 = Release|Win32
		{004D1E3E-F20E-4ECA-ABB1-467D1CE2C173}.Release|x64.ActiveCfg = Release|x64
		{004D1E3E-F20E-4ECA-ABB1-467D1CE2C173}.Release|x64.Build.0 = Release|x64
		{004D1E3E-F20E-4ECA-ABB1-467D1CE2C173}.Release|x86.ActiveCfg = Release|Win32
		{004D1E3E-F20E-4ECA-ABB1-467D1CE2C173}.Release|x86.Build.0 = Release|Win32
		{6F81D40A-6AA0-4C8B-A395-779EF3003CA4}.Debug|x64.ActiveCfg = Debug|x64
		{6F81D40A-6AA0-4C8B-A395-779EF3003CA4}.Debug|x64.Build.0 = Debug|x64
		{6F81D40A-6AA0-4C8B-A395-779EF3003CA4}.Debug|x86.ActiveCfg = Debug|x86
		{6F81D40A-6AA0-4C8B-A395-779EF3003CA4}.Debug|x86.Build.0 = Debug|x86
		{6F81D40A-6AA0-4C8B-A395-779EF3003CA4}.Release|x64.ActiveCfg = Release|x64
		{6F81D40A-6AA0-4C8B-A395-779EF3003CA4}.Release|x64.Build.0 = Release|x64
		{6F81D40A-6AA0-4C8B-A395-779EF3003CA4}.Release|x86.ActiveCfg = Release|x86
		{6F81D40A-6AA0-4C8B-A395-779EF3003CA4}.Release|x86.Build.0 = Release|x86
		{7A7C78E5-0307-4139-9625-401A5A56C51F}.Debug|x64.ActiveCfg = Release|x64
		{7A7C78E5-0307-4139-9625-401A5A56C51F}.Debug|x64.Build.0 = Release|x64
		{7A7C78E5-0307-4139-9625-401A5A56C51F}.Debug|x86.ActiveCfg = Release|Win32
		{7A7C78E5-0307-4139-9625-401A5A56C51F}.Debug|x86.Build.0 = Release|Win32
		{7A7C78E5-0307-4139-9625-401A5A56C51F}.Release|x64.ActiveCfg = Release|x64
		{7A7C78E5-0307-4139-9625-401A5A56C51F}.Release|x64.Build.0 = Release|x64
		{7A7C78E5-0307-4139-9625-401A5A56C51F}.Release|x86.ActiveCfg = Release|Win32
		{7A7C78E5-0307-4139-9625-401A5A56C51F}.Release|x86.Build.0 = Release|Win32
		{A759300D-9550-47BA-8616-C24B6BC05A02}.Debug|x64.ActiveCfg = Release|x64
		{A759300D-9550-47BA-8616-C24B6BC05A02}.Debug|x64.Build.0 = Release|x64
		{A759300D-9550-47BA-8616-C24B6BC05A02}.Debug|x86.ActiveCfg = Release|Win32
		{A759300D-9550-47BA-8616-C24B6BC05A02}.Debug|x86.Build.0 = Release|Win32
		{A759300D-9550-47BA-8616-C24B6BC05A02}.Release|x64.ActiveCfg = Release|x64
		{A759300D-9550-47BA-8616-C24B6BC05A02}.Release|x64.Build.0 = Release|x64
		{A759300D-9550-47BA-8616-C24B6BC05A02}.Release|x86.ActiveCfg = Release|Win32
		{A759300D-9550-47BA-8616-C24B6BC05A02}.Release|x86.Build.0 = Release|Win32
		{E9E9663C-153B-4977-9D0B-E87AFB93280A}.Debug|x64.ActiveCfg = Debug|x86
		{E9E9663C-153B-4977-9D0B-E87AFB93280A}.Debug|x64.Build.0 = Debug|x86
		{E9E9663C-153B-4977-9D0B-E87AFB93280A}.Debug|x86.ActiveCfg = Debug|x86
		{E9E9663C-153B-4977-9D0B-E87AFB93280A}.Debug|x86.Build.0 = Debug|x86
		{E9E9663C-153B-4977-9D0B-E87AFB93280A}.Release|x64.ActiveCfg = Release|x86
		{E9E9663C-153B-4977-9D0B-E87AFB93280A}.Release|x64.Build.0 = Release|x86
		{E9E9663C-153B-4977-9D0B-E87AFB93280A}.Release|x86.ActiveCfg = Release|x86
		{E9E9663C-153B-4977-9D0B-E87AFB93280A}.Release|x86.Build.0 = Release|x86
		{40085232-ACED-4CBE-945B-90BA8153C151}.Debug|x64.ActiveCfg = Debug|Any CPU
		{40085232-ACED-4CBE-945B-90BA8153C151}.Debug|x64.Build.0 = Debug|Any CPU
		{40085232-ACED-4CBE-945B-90BA8153C151}.Debug|x86.ActiveCfg = Debug|Any CPU
		{40085232-ACED-4CBE-945B-90BA8153C151}.Debug|x86.Build.0 = Debug|Any CPU
		{40085232-ACED-4CBE-945B-90BA8153C151}.Release|x64.ActiveCfg = Release|Any CPU
		{40085232-ACED-4CBE-945B-90BA8153C151}.Release|x64.Build.0 = Release|Any CPU
		{40085232-ACED-4CBE-945B-90BA8153C151}.Release|x86.ActiveCfg = Release|Any CPU
		{40085232-ACED-4CBE-945B-90BA8153C151}.Release|x86.Build.0 = Release|Any CPU
	EndGlobalSection
	GlobalSection(SolutionProperties) = preSolution
		HideSolutionNode = FALSE
	EndGlobalSection
EndGlobal
