{
  "version": 1,
  "dependencies": {
    ".NETFramework,Version=v4.8": {
      "Bloody.NET": {
        "type": "Direct",
        "requested": "[1.0.4, )",
        "resolved": "1.0.4",
        "contentHash": "TpiOHrhFpNeYADlA4MQIOebVyjSJau7XGHGIpm2PT0byMK9nkQkPEF+ogRZqVt7TnpwKwd2CrTcy8qCKcE7G2g==",
        "dependencies": {
          "HidSharp": "2.1.0"
        }
      },
      "Colore": {
        "type": "Direct",
        "requested": "[5.2.0, )",
        "resolved": "5.2.0",
        "contentHash": "bd7+CgSyiIX/oyBsjNpTBCzybLNG1cMHxqFFbSbfgntXrEa0wAc1/M0nSmw7J33b+KqqGrCQijhPEwp9fci5vA=="
      },
      "CorsairRGB.NET": {
        "type": "Direct",
        "requested": "[1.1.0, )",
        "resolved": "1.1.0",
        "contentHash": "OdWKe2gD8IGU5cGyEEk4+TB9LCeIzog/ET/8O2eKDOc2bx08AEYtPUuYXB+SW258padb3h4Rq5l9KvjwaU71QA=="
      },
      "CS-Script": {
        "type": "Direct",
        "requested": "[3.30.5.1, )",
        "resolved": "3.30.5.1",
        "contentHash": "y2534KCG4YWcucY72SU6LTVrGAaeLaWcR9B+7cxixJJTVS/Toi/z3nPEzJ8Y7M6rJ9GDxxs6HS9BnqaiaORRFQ==",
        "dependencies": {
          "CS-Script.bin": "3.30.5.1"
        }
      },
      "FastMember": {
        "type": "Direct",
        "requested": "[1.5.0, )",
        "resolved": "1.5.0",
        "contentHash": "Db80coUbys8VgmcrR9mxUR+EInTpweoLM0GFJXIBuj8+PTgqV+ygq+EOM3HME83tob1+RR9XlBcEkpfFyypdHg=="
      },
      "Fody": {
        "type": "Direct",
        "requested": "[6.5.1, )",
        "resolved": "6.5.1",
        "contentHash": "DEw9rPG5vrpaK4vPPze0f4q6Zd0mfzjGNKy49nrmINkftIHpkyf8KH+uC/qF8y6v1askPWu9NbJS9bkmN5wXaA=="
      },
      "hidlibrary": {
        "type": "Direct",
        "requested": "[3.3.40, )",
        "resolved": "3.3.40",
        "contentHash": "8KEiKYk4nmK3OyV+kQr8DwLcl8L+sPUPqENhtWTzQJrhFzGSaKe1F4VDG/bRBSfkbS0AxkM5+AN8xanxsAWfWA=="
      },
      "Infragistics.Themes.MetroDark.Wpf": {
        "type": "Direct",
        "requested": "[1.0.0, )",
        "resolved": "1.0.0",
        "contentHash": "uYKbGZ3m5ogeuhoJoGu79kTnRrq9gEeImKCHUj8MY5OF2pv2XMHPPs0HrGT5AER4mX72Bl3oi4qTEsNQ3citrQ=="
      },
      "IronPython": {
        "type": "Direct",
        "requested": "[2.7.11, )",
        "resolved": "2.7.11",
        "contentHash": "uKHcJ9N+bEpngWMBsz30oP4a6jnkmcUX9E73B3mcj0eddC5bdpxD0ojTVIQWvBSYMQaUAq69U6twHGVocOaDhg==",
        "dependencies": {
          "DynamicLanguageRuntime": "1.3.0"
        }
      },
      "JsonSubTypes": {
        "type": "Direct",
        "requested": "[1.8.0, )",
        "resolved": "1.8.0",
        "contentHash": "pBChxyl9mt0F1s1giHlN6yQ9WWb5FljluCNhMnSb7sspPfPRPTrc0a0psdu2/FVb5nZu5bQN50OMMaSp8jm8xQ==",
        "dependencies": {
          "Newtonsoft.Json": "10.0.1"
        }
      },
      "LibreHardwareMonitorLib": {
        "type": "Direct",
        "requested": "[0.8.9, )",
        "resolved": "0.8.9",
        "contentHash": "e0axsjvbjtQLdsuL25PwYgPsOAZjDORY+K+qgvtvUh8Rt4P/t+Xk0sDKRCHVcTlr/J6UGWKcd0dhmE5v25ujqQ==",
        "dependencies": {
          "HidSharp": "2.1.0",
          "System.Management": "5.0.0"
        }
      },
      "MouseKeyHook": {
        "type": "Direct",
        "requested": "[5.6.0, )",
        "resolved": "5.6.0",
        "contentHash": "xDNM10IfRED0+k78O9VvY0/suqeNJVg6GttEFPP/N4CEMujwVrfU+UatFN7Rb+gdjqIfhKblz7/nG3pUQmHaJg=="
      },
      "NAudio": {
        "type": "Direct",
        "requested": "[2.0.1, )",
        "resolved": "2.0.1",
        "contentHash": "QTbkeWOC9IBRiq2rvyFnm47ro4HYZQXJQMrhgAD1BwbkUzH+NMt+2ayLDnAJNJQu6V69Of6KZSYyDfU2Pr+dzQ==",
        "dependencies": {
          "NAudio.Asio": "2.0.0",
          "NAudio.Core": "2.0.0",
          "NAudio.Midi": "2.0.1",
          "NAudio.Wasapi": "2.0.0",
          "NAudio.WinForms": "2.0.1",
          "NAudio.WinMM": "2.0.1"
        }
      },
      "Newtonsoft.Json": {
        "type": "Direct",
        "requested": "[13.0.1, )",
        "resolved": "13.0.1",
        "contentHash": "ppPFpBcvxdsfUonNcvITKqLl3bqxWbDCZIzDWHzjpdAHRFfZe0Dw9HmA0+za13IdyrgJwpkDTDA9fHaxOrt20A=="
      },
      "NLog": {
        "type": "Direct",
        "requested": "[4.7.10, )",
        "resolved": "4.7.10",
        "contentHash": "rcegW7kYOCjl7wX0SzsqpPBqnJ51JKi1WkYb6QBVX0Wc5IgH19Pv4t/co+T0s06OS0Ne44xgkY/mHg0PdrmJow=="
      },
      "Octokit": {
        "type": "Direct",
        "requested": "[0.50.0, )",
        "resolved": "0.50.0",
        "contentHash": "J5vqespSvjxIAAtjG1Tc6ghBqyfRgDJtKnk/ifi4N0hD/f3JbPwyEDRT+Eelu/bS4C4M6mu5gt1WJqar+fByzg=="
      },
      "PropertyChanged.Fody": {
        "type": "Direct",
        "requested": "[3.3.3, )",
        "resolved": "3.3.3",
        "contentHash": "2dHoq3+Y37J2g06RRyV57zMY9uVOq9JanPienXxineL1pIACCgxn8dL/f6C9I0L1hPvhoipxtP2u9jcSlVsn6Q==",
        "dependencies": {
          "Fody": "6.4.0"
        }
      },
      "SharpDX.Direct3D11": {
        "type": "Direct",
        "requested": "[4.0.1, )",
        "resolved": "4.0.1",
        "contentHash": "7xIfeAhxPhbPgSiREfFbOOwIWonUt2GHR7XZN5p2DJMWuqjl0+h1oo2/sF+SH/c6D6APjdbt0J+dYSzoV0PA/w==",
        "dependencies": {
          "SharpDX": "4.0.1",
          "SharpDX.DXGI": "4.0.1"
        }
      },
      "SharpDX.RawInput": {
        "type": "Direct",
        "requested": "[4.0.1, )",
        "resolved": "4.0.1",
        "contentHash": "LfvLa2bJBAKY8qwBT4EBB3APYGi89Lp3/VSIeaLcLhm1Xlu2FWRGO2f/4CrxmidHzLkT5cLKqGdOIeKf4Cnixw==",
        "dependencies": {
          "SharpDX": "4.0.1"
        }
      },
      "SignedBuild-Hardcodet.NotifyIcon.Wpf": {
        "type": "Direct",
        "requested": "[1.0.5, )",
        "resolved": "1.0.5",
        "contentHash": "60oQYobbGYPoJdQPxw2LufexZpR8j9AXNPnRgFwTKjeXbuQE47BL9vA14uxUwXxiIBCAvp/YElLJGzIEkiZA3A=="
      },
      "SmartThreadPool.dll": {
        "type": "Direct",
        "requested": "[2.3.0, )",
        "resolved": "2.3.0",
        "contentHash": "AN25ChojrNsOzQSc3XGnJn/ncKqhAYwsOgV0REnm3Ip4IFX76zoWmPWFot3GeizTt0GRf2c2YZbK7EnAgQbyIQ=="
      },
      "System.Console": {
        "type": "Direct",
        "requested": "[4.3.1, )",
        "resolved": "4.3.1",
        "contentHash": "6iKDG36vugpW230eBGMLL6GQIx+Buf5txz6DFC1c4MOH8qcOo2mFzId6GsJUTptR4AusnDsdUeCYuzDiftD39w=="
      },
      "System.Management": {
        "type": "Direct",
        "requested": "[5.0.0, )",
        "resolved": "5.0.0",
        "contentHash": "MF1CHaRcC+MLFdnDthv4/bKWBZnlnSpkGqa87pKukQefgEdwtb9zFW6zs0GjPp73qtpYYg4q6PEKbzJbxCpKfw=="
      },
      "System.ValueTuple": {
        "type": "Direct",
        "requested": "[4.5.0, )",
        "resolved": "4.5.0",
        "contentHash": "okurQJO6NRE/apDIP23ajJ0hpiNmJ+f0BwOlB/cSqTLQlw5upkf+5+96+iG2Jw40G1fCVCyPz/FhIABUjMR+RQ=="
      },
      "System.Xml.ReaderWriter": {
        "type": "Direct",
        "requested": "[4.3.1, )",
        "resolved": "4.3.1",
        "contentHash": "fVU1Xp9TEOHv1neQDtcJ4hNfYJ1pjfXzKY3VFeiRZK6HTV4Af2Ihyvq1FkPLrL1hzZhXv7NTmowQnL5DgTzIKA=="
      },
      "TaskScheduler": {
        "type": "Direct",
        "requested": "[2.8.18, )",
        "resolved": "2.8.18",
        "contentHash": "9P5OoW3UGrvN4BepHOq/UY4QJT82NthqL8PFL5xxdqQxEBANEOiftaGqbSFORA2YbWwPNzVX16C6aA5U8MN9Ug=="
      },
      "Vulcan.NET": {
        "type": "Direct",
        "requested": "[2.2.0, )",
        "resolved": "2.2.0",
        "contentHash": "6fb12dnt4Id/MdBBQKVcB03Gsr+E62xRw4xv94TsLJmCyDZrVWHO7PpkfDtDhi4VK6nQf6hirdz3W6I8TLLubg==",
        "dependencies": {
          "HidSharp": "2.1.0"
        }
      },
      "Wooting.NET": {
        "type": "Direct",
        "requested": "[1.2.0, )",
        "resolved": "1.2.0",
        "contentHash": "9hxNTjymcvHf6S/Bc1NK5DwH7fwytspmWf7LhClfNA2l5Asrkct4jyLhVcmDjhg+TzfuFTkQ7u/qxb87SS6JcQ=="
      },
      "Xceed.Wpf.Toolkit": {
        "type": "Direct",
        "requested": "[2.9.15603.14400, )",
        "resolved": "2.9.15603.14400",
        "contentHash": "vSxESFNhUVkiTB7b6LWyGTReI8DWF7x86+UIw5VCnrp2gNYID0TmmAHHF78x/wDMqJE1QOecLHQfSsd3vqgpWg=="
      },
      "CS-Script.bin": {
        "type": "Transitive",
        "resolved": "3.30.5.1",
        "contentHash": "GNF7viyef32sutAkFepIWjPPZHeVSLWEcth4V87toSwzkBCxkM7KEGyr0dLrRc+v9gouJ3duNb3OtB2yJYJEAQ==",
        "dependencies": {
          "Microsoft.CodeAnalysis.CSharp.Scripting": "2.0.0"
        }
      },
      "DynamicLanguageRuntime": {
        "type": "Transitive",
        "resolved": "1.3.0",
        "contentHash": "a3ATP2CAiAQdcnj5mBgyhqyjoAiCXjuiLY8x3yAmo2Uacs7ecKvre8sc30dcgfN9YGAM9s9dvBIlyqisJLg1ew=="
      },
      "HidSharp": {
        "type": "Transitive",
        "resolved": "2.1.0",
        "contentHash": "UTdxWvbgp2xzT1Ajaa2va+Qi3oNHJPasYmVhbKI2VVdu1VYP6yUG+RikhsHvpD7iM0S8e8UYb5Qm/LTWxx9QAA=="
      },
      "Microsoft.CodeAnalysis.Analyzers": {
        "type": "Transitive",
        "resolved": "1.1.0",
        "contentHash": "HS3iRWZKcUw/8eZ/08GXKY2Bn7xNzQPzf8gRPHGSowX7u7XXu9i9YEaBeBNKUXWfI7qjvT2zXtLUvbN0hds8vg=="
      },
      "Microsoft.CodeAnalysis.Common": {
        "type": "Transitive",
        "resolved": "2.0.0",
        "contentHash": "KnDtDj4sRlN7S0z03dIkIGWmH7nH6Pb7apwuHuBUvgHBBewuXhsVyKmwY3PH5IYOimyBOcMytv0Rn/n/s2rIjw==",
        "dependencies": {
          "Microsoft.CodeAnalysis.Analyzers": "1.1.0",
          "System.AppContext": "4.3.0",
          "System.Collections": "4.3.0",
          "System.Collections.Concurrent": "4.3.0",
          "System.Collections.Immutable": "1.3.1",
          "System.Console": "4.3.0",
          "System.Diagnostics.Debug": "4.3.0",
          "System.Diagnostics.FileVersionInfo": "4.3.0",
          "System.Diagnostics.StackTrace": "4.3.0",
          "System.Diagnostics.Tools": "4.3.0",
          "System.Dynamic.Runtime": "4.3.0",
          "System.Globalization": "4.3.0",
          "System.IO.Compression": "4.3.0",
          "System.IO.FileSystem": "4.3.0",
          "System.IO.FileSystem.Primitives": "4.3.0",
          "System.Linq": "4.3.0",
          "System.Linq.Expressions": "4.3.0",
          "System.Reflection": "4.3.0",
          "System.Reflection.Metadata": "1.4.2",
          "System.Resources.ResourceManager": "4.3.0",
          "System.Runtime": "4.3.0",
          "System.Runtime.Extensions": "4.3.0",
          "System.Runtime.InteropServices": "4.3.0",
          "System.Runtime.Numerics": "4.3.0",
          "System.Security.Cryptography.Algorithms": "4.3.0",
          "System.Security.Cryptography.Encoding": "4.3.0",
          "System.Security.Cryptography.X509Certificates": "4.3.0",
          "System.Text.Encoding": "4.3.0",
          "System.Text.Encoding.CodePages": "4.3.0",
          "System.Text.Encoding.Extensions": "4.3.0",
          "System.Threading": "4.3.0",
          "System.Threading.Tasks": "4.3.0",
          "System.Threading.Tasks.Parallel": "4.3.0",
          "System.Threading.Thread": "4.3.0",
          "System.ValueTuple": "4.3.0",
          "System.Xml.ReaderWriter": "4.3.0",
          "System.Xml.XDocument": "4.3.0",
          "System.Xml.XPath.XDocument": "4.3.0",
          "System.Xml.XmlDocument": "4.3.0"
        }
      },
      "Microsoft.CodeAnalysis.CSharp": {
        "type": "Transitive",
        "resolved": "2.0.0",
        "contentHash": "ikOA3KwmE0aEGOfc7b8ndzBDdcghgvpAh1IdEzYYonq1afmZh2P+H+XHfJ5MBxE5R7dLXugkxjT0CDTV5HeadA==",
        "dependencies": {
          "Microsoft.CodeAnalysis.Common": "[2.0.0]"
        }
      },
      "Microsoft.CodeAnalysis.CSharp.Scripting": {
        "type": "Transitive",
        "resolved": "2.0.0",
        "contentHash": "R3SkAwS+GjaTBdeC6UEPjiA+uRvYMk4Ieyj+wDDvx1wvjFD1lrfO0RSy19oRLVLEPpR7pPe7Qk4Sd5yaETI6ag==",
        "dependencies": {
          "Microsoft.CodeAnalysis.CSharp": "[2.0.0]",
          "Microsoft.CodeAnalysis.Scripting.Common": "[2.0.0]"
        }
      },
      "Microsoft.CodeAnalysis.Scripting.Common": {
        "type": "Transitive",
        "resolved": "2.0.0",
        "contentHash": "42x7S+l6kczgF/LXZrCSLeQzrJdXWsIcO3zFoycrEtfpMCiWmMB9H0Q0XidsdChffZ0R/KwUKSFbu4KpVrhZEQ==",
        "dependencies": {
          "Microsoft.CodeAnalysis.Common": "[2.0.0]",
          "System.AppContext": "4.3.0",
          "System.Collections": "4.3.0",
          "System.Collections.Immutable": "1.3.1",
          "System.Diagnostics.Debug": "4.3.0",
          "System.Diagnostics.StackTrace": "4.3.0",
          "System.Diagnostics.Tools": "4.3.0",
          "System.Globalization": "4.3.0",
          "System.IO": "4.3.0",
          "System.IO.FileSystem": "4.3.0",
          "System.Linq": "4.3.0",
          "System.Linq.Expressions": "4.3.0",
          "System.Reflection": "4.3.0",
          "System.Reflection.Extensions": "4.3.0",
          "System.Resources.ResourceManager": "4.3.0",
          "System.Runtime": "4.3.0",
          "System.Runtime.Extensions": "4.3.0",
          "System.Runtime.InteropServices": "4.3.0",
          "System.Threading": "4.3.0",
          "System.Threading.Tasks": "4.3.0"
        }
      },
      "Microsoft.Win32.Registry": {
        "type": "Transitive",
        "resolved": "4.7.0",
        "contentHash": "KSrRMb5vNi0CWSGG1++id2ZOs/1QhRqROt+qgbEAdQuGjGrFcl4AOl4/exGPUYz2wUnU42nvJqon1T3U0kPXLA==",
        "dependencies": {
          "System.Security.AccessControl": "4.7.0",
          "System.Security.Principal.Windows": "4.7.0"
        }
      },
      "NAudio.Asio": {
        "type": "Transitive",
        "resolved": "2.0.0",
        "contentHash": "/Pd51zAS2L3+MK/dJ5VrInz6ggHUie9j1qCXysXL3Vj53p9A2RxjpIZafuyba2ZdeMKaOMOHXdtkUqFdKqVMQg==",
        "dependencies": {
          "Microsoft.Win32.Registry": "4.7.0",
          "NAudio.Core": "2.0.0"
        }
      },
      "NAudio.Core": {
        "type": "Transitive",
        "resolved": "2.0.0",
        "contentHash": "knmGOIYbzn9ZGkFcVs5d3zEYvi50jVriyEirVtAHjkcDoo2ziK32bZb7KkFARLD4lhCGkqp6uT0+0fc4JIfQcw=="
      },
      "NAudio.Midi": {
        "type": "Transitive",
        "resolved": "2.0.1",
        "contentHash": "A5pQerGAmtNNfSMkGaRacqBJG1xg4bjQE0XaxsO3/rhEE80NLUN6gQm+x/m7ZGbSoPUB5fav2jW3tZkdPadZ7w==",
        "dependencies": {
          "NAudio.Core": "2.0.0"
        }
      },
      "NAudio.Wasapi": {
        "type": "Transitive",
        "resolved": "2.0.0",
        "contentHash": "7ES+jfZyOooBp86gql9BZ/OjKFmGfLaSLCtJagtCYiRGxfauHp4hXyeuwxS2mPLBxBGxBo9oGThN6y3QY+/w/w==",
        "dependencies": {
          "NAudio.Core": "2.0.0"
        }
      },
      "NAudio.WinForms": {
        "type": "Transitive",
        "resolved": "2.0.1",
        "contentHash": "SOyXRsLePAvIWG20OMRHiUkNijme6J28DKBVesmhdfh4i7OKgkvGLN19eT+vPfXr97yhMudULsyYp9Niz8/a+g==",
        "dependencies": {
          "NAudio.WinMM": "2.0.1"
        }
      },
      "NAudio.WinMM": {
        "type": "Transitive",
        "resolved": "2.0.1",
        "contentHash": "i7Da/gCqvwWvETFBRkuwCelSXEK5rPG7pTaqCU9aXFRiO0p7lwHjm/+k2lOWLmRGUJdLm/VSDO6Vknacnb6mSg==",
        "dependencies": {
          "Microsoft.Win32.Registry": "4.7.0",
          "NAudio.Core": "2.0.0"
        }
      },
      "SharpDX": {
        "type": "Transitive",
        "resolved": "4.0.1",
        "contentHash": "8YA1VFg1/K8Emb8FEZDobojcv1BLuppVo7CRJQEgA1V748VIMPBru0i0OnsCjLSThzTn7juOvH85qjFL9Grl1w=="
      },
      "SharpDX.DXGI": {
        "type": "Transitive",
        "resolved": "4.0.1",
        "contentHash": "Av/kToUkVR1tDtIP9zmDGwCuCtyL04+PP7kes6aABzky1Y9vT03kR7mDeE83gl+E8GUmMMbVXbQ4AG2CVb66sg==",
        "dependencies": {
          "SharpDX": "4.0.1"
        }
      },
      "System.AppContext": {
        "type": "Transitive",
        "resolved": "4.3.0",
        "contentHash": "fKC+rmaLfeIzUhagxY17Q9siv/sPrjjKcfNg1Ic8IlQkZLipo8ljcaZQu4VtI4Jqbzjc2VTjzGLF6WmsRXAEgA=="
      },
      "System.Collections": {
        "type": "Transitive",
        "resolved": "4.3.0",
        "contentHash": "3Dcj85/TBdVpL5Zr+gEEBUuFe2icOnLalmEh9hfck1PTYbbyWuZgh4fmm2ysCLTrqLQw6t3TgTyJ+VLp+Qb+Lw=="
      },
      "System.Collections.Concurrent": {
        "type": "Transitive",
        "resolved": "4.3.0",
        "contentHash": "ztl69Xp0Y/UXCL+3v3tEU+lIy+bvjKNUmopn1wep/a291pVPK7dxBd6T7WnlQqRog+d1a/hSsgRsmFnIBKTPLQ=="
      },
      "System.Collections.Immutable": {
        "type": "Transitive",
        "resolved": "1.3.1",
        "contentHash": "n+AGX7zmiZumW9aggOkXaHzUeAS3EfeTErnkKCusyONUozbTv+kMb8VE36m+ldV6kF9g57G2c641KCdgH9E0pg=="
      },
      "System.Diagnostics.Debug": {
        "type": "Transitive",
        "resolved": "4.3.0",
        "contentHash": "ZUhUOdqmaG5Jk3Xdb8xi5kIyQYAA4PnTNlHx1mu9ZY3qv4ELIdKbnL/akbGaKi2RnNUWaZsAs31rvzFdewTj2g=="
      },
      "System.Diagnostics.FileVersionInfo": {
        "type": "Transitive",
        "resolved": "4.3.0",
        "contentHash": "omCF64wzQ3Q2CeIqkD6lmmxeMZtGHUmzgFMPjfVaOsyqpR66p/JaZzManMw1s33osoAb5gqpncsjie67+yUPHQ=="
      },
      "System.Diagnostics.StackTrace": {
        "type": "Transitive",
        "resolved": "4.3.0",
        "contentHash": "BiHg0vgtd35/DM9jvtaC1eKRpWZxr0gcQd643ABG7GnvSlf5pOkY2uyd42mMOJoOmKvnpNj0F4tuoS1pacTwYw=="
      },
      "System.Diagnostics.Tools": {
        "type": "Transitive",
        "resolved": "4.3.0",
        "contentHash": "UUvkJfSYJMM6x527dJg2VyWPSRqIVB0Z7dbjHst1zmwTXz5CcXSYJFWRpuigfbO1Lf7yfZiIaEUesfnl/g5EyA=="
      },
      "System.Dynamic.Runtime": {
        "type": "Transitive",
        "resolved": "4.3.0",
        "contentHash": "SNVi1E/vfWUAs/WYKhE9+qlS6KqK0YVhnlT0HQtr8pMIA8YX3lwy3uPMownDwdYISBdmAF/2holEIldVp85Wag=="
      },
      "System.Globalization": {
        "type": "Transitive",
        "resolved": "4.3.0",
        "contentHash": "kYdVd2f2PAdFGblzFswE4hkNANJBKRmsfa2X5LG2AcWE1c7/4t0pYae1L8vfZ5xvE2nK/R9JprtToA61OSHWIg=="
      },
      "System.IO": {
        "type": "Transitive",
        "resolved": "4.3.0",
        "contentHash": "3qjaHvxQPDpSOYICjUoTsmoq5u6QJAFRUITgeT/4gqkF1bajbSmb1kwSxEA8AHlofqgcKJcM8udgieRNhaJ5Cg=="
      },
      "System.IO.Compression": {
        "type": "Transitive",
        "resolved": "4.3.0",
        "contentHash": "YHndyoiV90iu4iKG115ibkhrG+S3jBm8Ap9OwoUAzO5oPDAWcr0SFwQFm0HjM8WkEZWo0zvLTyLmbvTkW1bXgg=="
      },
      "System.IO.FileSystem": {
        "type": "Transitive",
        "resolved": "4.3.0",
        "contentHash": "3wEMARTnuio+ulnvi+hkRNROYwa1kylvYahhcLk4HSoVdl+xxTFVeVlYOfLwrDPImGls0mDqbMhrza8qnWPTdA==",
        "dependencies": {
          "System.IO.FileSystem.Primitives": "4.3.0"
        }
      },
      "System.IO.FileSystem.Primitives": {
        "type": "Transitive",
        "resolved": "4.3.0",
        "contentHash": "6QOb2XFLch7bEc4lIcJH49nJN2HV+OC3fHDgsLVsBVBk3Y4hFAnOBGzJ2lUu7CyDDFo9IBWkSsnbkT6IBwwiMw=="
      },
      "System.Linq": {
        "type": "Transitive",
        "resolved": "4.3.0",
        "contentHash": "5DbqIUpsDp0dFftytzuMmc0oeMdQwjcP/EWxsksIz/w1TcFRkZ3yKKz0PqiYFMmEwPSWw+qNVqD7PJ889JzHbw=="
      },
      "System.Linq.Expressions": {
        "type": "Transitive",
        "resolved": "4.3.0",
        "contentHash": "PGKkrd2khG4CnlyJwxwwaWWiSiWFNBGlgXvJpeO0xCXrZ89ODrQ6tjEWS/kOqZ8GwEOUATtKtzp1eRgmYNfclg=="
      },
      "System.Reflection": {
        "type": "Transitive",
        "resolved": "4.3.0",
        "contentHash": "KMiAFoW7MfJGa9nDFNcfu+FpEdiHpWgTcS2HdMpDvt9saK3y/G4GwprPyzqjFH9NTaGPQeWNHU+iDlDILj96aQ=="
      },
      "System.Reflection.Extensions": {
        "type": "Transitive",
        "resolved": "4.3.0",
        "contentHash": "rJkrJD3kBI5B712aRu4DpSIiHRtr6QlfZSQsb0hYHrDCZORXCFjQfoipo2LaMUHoT9i1B7j7MnfaEKWDFmFQNQ=="
      },
      "System.Reflection.Metadata": {
        "type": "Transitive",
        "resolved": "1.4.2",
        "contentHash": "KYPNMDrLB2R+G5JJiJ2fjBpihtktKVIjsirmyyv+VDo5rQkIR9BWeCYM1wDSzbQatWNZ/NQfPsQyTB1Ui3qBfQ==",
        "dependencies": {
          "System.Collections.Immutable": "1.3.1"
        }
      },
      "System.Resources.ResourceManager": {
        "type": "Transitive",
        "resolved": "4.3.0",
        "contentHash": "/zrcPkkWdZmI4F92gL/TPumP98AVDu/Wxr3CSJGQQ+XN6wbRZcyfSKVoPo17ilb3iOr0cCRqJInGwNMolqhS8A=="
      },
      "System.Runtime": {
        "type": "Transitive",
        "resolved": "4.3.0",
        "contentHash": "JufQi0vPQ0xGnAczR13AUFglDyVYt4Kqnz1AZaiKZ5+GICq0/1MH/mO/eAJHt/mHW1zjKBJd7kV26SrxddAhiw=="
      },
      "System.Runtime.Extensions": {
        "type": "Transitive",
        "resolved": "4.3.0",
        "contentHash": "guW0uK0fn5fcJJ1tJVXYd7/1h5F+pea1r7FLSOz/f8vPEqbR2ZAknuRDvTQ8PzAilDveOxNjSfr0CHfIQfFk8g=="
      },
      "System.Runtime.InteropServices": {
        "type": "Transitive",
        "resolved": "4.3.0",
        "contentHash": "uv1ynXqiMK8mp1GM3jDqPCFN66eJ5w5XNomaK2XD+TuCroNTLFGeZ+WCmBMcBDyTFKou3P6cR6J/QsaqDp7fGQ==",
        "dependencies": {
          "System.Runtime": "4.3.0"
        }
      },
      "System.Runtime.Numerics": {
        "type": "Transitive",
        "resolved": "4.3.0",
        "contentHash": "yMH+MfdzHjy17l2KESnPiF2dwq7T+xLnSJar7slyimAkUh/gTrS9/UQOtv7xarskJ2/XDSNvfLGOBQPjL7PaHQ=="
      },
      "System.Security.AccessControl": {
        "type": "Transitive",
        "resolved": "4.7.0",
        "contentHash": "JECvTt5aFF3WT3gHpfofL2MNNP6v84sxtXxpqhLBCcDRzqsPBmHhQ6shv4DwwN2tRlzsUxtb3G9M3763rbXKDg==",
        "dependencies": {
          "System.Security.Principal.Windows": "4.7.0"
        }
      },
      "System.Security.Cryptography.Algorithms": {
        "type": "Transitive",
        "resolved": "4.3.0",
        "contentHash": "W1kd2Y8mYSCgc3ULTAZ0hOP2dSdG5YauTb1089T0/kRcN2MpSAW1izOFROrJgxSlMn3ArsgHXagigyi+ibhevg==",
        "dependencies": {
          "System.IO": "4.3.0",
          "System.Runtime": "4.3.0",
          "System.Security.Cryptography.Encoding": "4.3.0",
          "System.Security.Cryptography.Primitives": "4.3.0"
        }
      },
      "System.Security.Cryptography.Encoding": {
        "type": "Transitive",
        "resolved": "4.3.0",
        "contentHash": "1DEWjZZly9ae9C79vFwqaO5kaOlI5q+3/55ohmq/7dpDyDfc8lYe7YVxJUZ5MF/NtbkRjwFRo14yM4OEo9EmDw=="
      },
      "System.Security.Cryptography.Primitives": {
        "type": "Transitive",
        "resolved": "4.3.0",
        "contentHash": "7bDIyVFNL/xKeFHjhobUAQqSpJq9YTOpbEs6mR233Et01STBMXNAc/V+BM6dwYGc95gVh/Zf+iVXWzj3mE8DWg=="
      },
      "System.Security.Cryptography.X509Certificates": {
        "type": "Transitive",
        "resolved": "4.3.0",
        "contentHash": "t2Tmu6Y2NtJ2um0RtcuhP7ZdNNxXEgUm2JeoA/0NvlMjAhKCnM1NX07TDl3244mVp3QU6LPEhT3HTtH1uF7IYw==",
        "dependencies": {
          "System.Security.Cryptography.Algorithms": "4.3.0",
          "System.Security.Cryptography.Encoding": "4.3.0"
        }
      },
      "System.Security.Principal.Windows": {
        "type": "Transitive",
        "resolved": "4.7.0",
        "contentHash": "ojD0PX0XhneCsUbAZVKdb7h/70vyYMDYs85lwEI+LngEONe/17A0cFaRFqZU+sOEidcVswYWikYOQ9PPfjlbtQ=="
      },
      "System.Text.Encoding": {
        "type": "Transitive",
        "resolved": "4.3.0",
        "contentHash": "BiIg+KWaSDOITze6jGQynxg64naAPtqGHBwDrLaCtixsa5bKiR8dpPOHA7ge3C0JJQizJE+sfkz1wV+BAKAYZw=="
      },
      "System.Text.Encoding.CodePages": {
        "type": "Transitive",
        "resolved": "4.3.0",
        "contentHash": "IRiEFUa5b/Gs5Egg8oqBVoywhtOeaO2KOx3j0RfcYY/raxqBuEK7NXRDgOwtYM8qbi+7S4RPXUbNt+ZxyY0/NQ=="
      },
      "System.Text.Encoding.Extensions": {
        "type": "Transitive",
        "resolved": "4.3.0",
        "contentHash": "YVMK0Bt/A43RmwizJoZ22ei2nmrhobgeiYwFzC4YAN+nue8RF6djXDMog0UCn+brerQoYVyaS+ghy9P/MUVcmw=="
      },
      "System.Threading": {
        "type": "Transitive",
        "resolved": "4.3.0",
        "contentHash": "VkUS0kOBcUf3Wwm0TSbrevDDZ6BlM+b/HRiapRFWjM5O0NS0LviG0glKmFK+hhPDd1XFeSdU1GmlLhb2CoVpIw=="
      },
      "System.Threading.Tasks": {
        "type": "Transitive",
        "resolved": "4.3.0",
        "contentHash": "LbSxKEdOUhVe8BezB/9uOGGppt+nZf6e1VFyw6v3DN6lqitm0OSn2uXMOdtP0M3W4iMcqcivm2J6UgqiwwnXiA=="
      },
      "System.Threading.Tasks.Parallel": {
        "type": "Transitive",
        "resolved": "4.3.0",
        "contentHash": "cbjBNZHf/vQCfcdhzx7knsiygoCKgxL8mZOeocXZn5gWhCdzHIq6bYNKWX0LAJCWYP7bds4yBK8p06YkP0oa0g=="
      },
      "System.Threading.Thread": {
        "type": "Transitive",
        "resolved": "4.3.0",
        "contentHash": "OHmbT+Zz065NKII/ZHcH9XO1dEuLGI1L2k7uYss+9C1jLxTC9kTZZuzUOyXHayRk+dft9CiDf3I/QZ0t8JKyBQ=="
      },
      "System.Xml.XDocument": {
        "type": "Transitive",
        "resolved": "4.3.0",
        "contentHash": "5zJ0XDxAIg8iy+t4aMnQAu0MqVbqyvfoUVl1yDV61xdo3Vth45oA2FoY4pPkxYAH5f8ixpmTqXeEIya95x0aCQ=="
      },
      "System.Xml.XmlDocument": {
        "type": "Transitive",
        "resolved": "4.3.0",
        "contentHash": "lJ8AxvkX7GQxpC6GFCeBj8ThYVyQczx2+f/cWHJU8tjS7YfI6Cv6bon70jVEgs2CiFbmmM8b9j1oZVx0dSI2Ww=="
      },
      "System.Xml.XPath": {
        "type": "Transitive",
        "resolved": "4.3.0",
        "contentHash": "v1JQ5SETnQusqmS3RwStF7vwQ3L02imIzl++sewmt23VGygix04pEH+FCj1yWb+z4GDzKiljr1W7Wfvrx0YwgA=="
      },
      "System.Xml.XPath.XDocument": {
        "type": "Transitive",
        "resolved": "4.3.0",
        "contentHash": "jw9oHHEIVW53mHY9PgrQa98Xo2IZ0ZjrpdOTmtvk+Rvg4tq7dydmxdNqUvJ5YwjDqhn75mBXWttWjiKhWP53LQ==",
        "dependencies": {
          "System.Xml.XPath": "4.3.0"
        }
      },
      "colorbox": {
        "type": "Project"
      }
    },
    ".NETFramework,Version=v4.8/win7-x64": {
      "System.Management": {
        "type": "Direct",
        "requested": "[5.0.0, )",
        "resolved": "5.0.0",
        "contentHash": "MF1CHaRcC+MLFdnDthv4/bKWBZnlnSpkGqa87pKukQefgEdwtb9zFW6zs0GjPp73qtpYYg4q6PEKbzJbxCpKfw=="
      },
      "Microsoft.Win32.Registry": {
        "type": "Transitive",
        "resolved": "4.7.0",
        "contentHash": "KSrRMb5vNi0CWSGG1++id2ZOs/1QhRqROt+qgbEAdQuGjGrFcl4AOl4/exGPUYz2wUnU42nvJqon1T3U0kPXLA==",
        "dependencies": {
          "System.Security.AccessControl": "4.7.0",
          "System.Security.Principal.Windows": "4.7.0"
        }
      },
      "System.Diagnostics.FileVersionInfo": {
        "type": "Transitive",
        "resolved": "4.3.0",
        "contentHash": "omCF64wzQ3Q2CeIqkD6lmmxeMZtGHUmzgFMPjfVaOsyqpR66p/JaZzManMw1s33osoAb5gqpncsjie67+yUPHQ=="
      },
      "System.IO.Compression": {
        "type": "Transitive",
        "resolved": "4.3.0",
        "contentHash": "YHndyoiV90iu4iKG115ibkhrG+S3jBm8Ap9OwoUAzO5oPDAWcr0SFwQFm0HjM8WkEZWo0zvLTyLmbvTkW1bXgg=="
      },
      "System.Security.AccessControl": {
        "type": "Transitive",
        "resolved": "4.7.0",
        "contentHash": "JECvTt5aFF3WT3gHpfofL2MNNP6v84sxtXxpqhLBCcDRzqsPBmHhQ6shv4DwwN2tRlzsUxtb3G9M3763rbXKDg==",
        "dependencies": {
          "System.Security.Principal.Windows": "4.7.0"
        }
      },
      "System.Security.Cryptography.Algorithms": {
        "type": "Transitive",
        "resolved": "4.3.0",
        "contentHash": "W1kd2Y8mYSCgc3ULTAZ0hOP2dSdG5YauTb1089T0/kRcN2MpSAW1izOFROrJgxSlMn3ArsgHXagigyi+ibhevg==",
        "dependencies": {
          "System.IO": "4.3.0",
          "System.Runtime": "4.3.0",
          "System.Security.Cryptography.Encoding": "4.3.0",
          "System.Security.Cryptography.Primitives": "4.3.0"
        }
      },
      "System.Security.Cryptography.Encoding": {
        "type": "Transitive",
        "resolved": "4.3.0",
        "contentHash": "1DEWjZZly9ae9C79vFwqaO5kaOlI5q+3/55ohmq/7dpDyDfc8lYe7YVxJUZ5MF/NtbkRjwFRo14yM4OEo9EmDw=="
      },
      "System.Security.Cryptography.X509Certificates": {
        "type": "Transitive",
        "resolved": "4.3.0",
        "contentHash": "t2Tmu6Y2NtJ2um0RtcuhP7ZdNNxXEgUm2JeoA/0NvlMjAhKCnM1NX07TDl3244mVp3QU6LPEhT3HTtH1uF7IYw==",
        "dependencies": {
          "System.Security.Cryptography.Algorithms": "4.3.0",
          "System.Security.Cryptography.Encoding": "4.3.0"
        }
      },
      "System.Security.Principal.Windows": {
        "type": "Transitive",
        "resolved": "4.7.0",
        "contentHash": "ojD0PX0XhneCsUbAZVKdb7h/70vyYMDYs85lwEI+LngEONe/17A0cFaRFqZU+sOEidcVswYWikYOQ9PPfjlbtQ=="
      },
      "System.Text.Encoding.CodePages": {
        "type": "Transitive",
        "resolved": "4.3.0",
        "contentHash": "IRiEFUa5b/Gs5Egg8oqBVoywhtOeaO2KOx3j0RfcYY/raxqBuEK7NXRDgOwtYM8qbi+7S4RPXUbNt+ZxyY0/NQ=="
      }
    }
  }
}