
Microsoft Visual Studio Solution File, Format Version 12.00
# Visual Studio 15
VisualStudioVersion = 15.0.26228.4
MinimumVisualStudioVersion = 10.0.40219.1
Project("{FAE04EC0-301F-11D3-BF4B-00C04F79EFBC}") = "Project-Aurora", "Project-Aurora\Project-Aurora.csproj", "{18D2D471-3F57-4ECE-9C62-836A801473D8}"
	ProjectSection(ProjectDependencies) = postProject
		{A759300D-9550-47BA-8616-C24B6BC05A02} = {A759300D-9550-47BA-8616-C24B6BC05A02}
		{40085232-ACED-4CBE-945B-90BA8153C151} = {40085232-ACED-4CBE-945B-90BA8153C151}
		{004D1E3E-F20E-4ECA-ABB1-467D1CE2C173} = {004D1E3E-F20E-4ECA-ABB1-467D1CE2C173}
		{20259BE1-55C9-4EFB-9D30-C933F621B9D4} = {20259BE1-55C9-4EFB-9D30-C933F621B9D4}
		{7A7C78E5-0307-4139-9625-401A5A56C51F} = {7A7C78E5-0307-4139-9625-401A5A56C51F}
	EndProjectSection
EndProject
Project("{8BC9CEB8-8B4A-11D0-8D11-00A0C91BC942}") = "Aurora-LogiLEDWrapper", "Aurora-LogiLEDWrapper\Aurora-LogiLEDWrapper.vcxproj", "{20259BE1-55C9-4EFB-9D30-C933F621B9D4}"
EndProject
Project("{8BC9CEB8-8B4A-11D0-8D11-00A0C91BC942}") = "Aurora-RazerLEDWrapper", "Aurora-RazerLEDWrapper\Aurora-RazerLEDWrapper.vcxproj", "{004D1E3E-F20E-4ECA-ABB1-467D1CE2C173}"
EndProject
Project("{FAE04EC0-301F-11D3-BF4B-00C04F79EFBC}") = "Aurora-Updater", "Aurora-Updater\Aurora-Updater.csproj", "{6F81D40A-6AA0-4C8B-A395-779EF3003CA4}"
	ProjectSection(ProjectDependencies) = postProject
		{18D2D471-3F57-4ECE-9C62-836A801473D8} = {18D2D471-3F57-4ECE-9C62-836A801473D8}
	EndProjectSection
EndProject
Project("{8BC9CEB8-8B4A-11D0-8D11-00A0C91BC942}") = "Aurora-LeagueLogiLEDWrapper", "Aurora-LeagueLogiLEDWrapper\Aurora-LeagueLogiLEDWrapper.vcxproj", "{7A7C78E5-0307-4139-9625-401A5A56C51F}"
EndProject
Project("{8BC9CEB8-8B4A-11D0-8D11-00A0C91BC942}") = "Aurora-LightFXWrapper", "Aurora-LightFXWrapper\Aurora-LightFXWrapper.vcxproj", "{A759300D-9550-47BA-8616-C24B6BC05A02}"
EndProject
Project("{FAE04EC0-301F-11D3-BF4B-00C04F79EFBC}") = "Aurora-SkypeIntegration", "Aurora-SkypeIntegration\Aurora-SkypeIntegration.csproj", "{E9E9663C-153B-4977-9D0B-E87AFB93280A}"
EndProject
Project("{FAE04EC0-301F-11D3-BF4B-00C04F79EFBC}") = "ColorBox", "ColorBox\ColorBox.csproj", "{40085232-ACED-4CBE-945B-90BA8153C151}"
EndProject
Project("{FAE04EC0-301F-11D3-BF4B-00C04F79EFBC}") = "Plugin-Example", "Plugin-Example\Plugin-Example.csproj", "{DAE33996-53E3-46A3-8F06-CBAF0AFE3708}"
EndProject
Project("{9A19103F-16F7-4668-BE54-9A1E7A4F7556}") = "Wooting.NET", "..\Wooting.NET\Wooting.NET\Wooting.NET.csproj", "{FEA699AE-DB83-43DC-AB85-99F2E90C328F}"
EndProject
Project("{8BC9CEB8-8B4A-11D0-8D11-00A0C91BC942}") = "SBAuroraReactive", "..\SBAuroraR.NET\SBAuroraReactive\SBAuroraReactive.vcxproj", "{053A704B-5C79-4CDE-B1FC-B952051ACAA0}"
EndProject
Global
	GlobalSection(SolutionConfigurationPlatforms) = preSolution
		Debug|x64 = Debug|x64
		Release|x64 = Release|x64
	EndGlobalSection
	GlobalSection(ProjectConfigurationPlatforms) = postSolution
		{18D2D471-3F57-4ECE-9C62-836A801473D8}.Debug|x64.ActiveCfg = Debug|x64
		{18D2D471-3F57-4ECE-9C62-836A801473D8}.Debug|x64.Build.0 = Debug|x64
		{18D2D471-3F57-4ECE-9C62-836A801473D8}.Release|x64.ActiveCfg = Release|x64
		{18D2D471-3F57-4ECE-9C62-836A801473D8}.Release|x64.Build.0 = Release|x64
		{20259BE1-55C9-4EFB-9D30-C933F621B9D4}.Debug|x64.ActiveCfg = Release|x64
		{20259BE1-55C9-4EFB-9D30-C933F621B9D4}.Debug|x64.Build.0 = Release|x64
		{20259BE1-55C9-4EFB-9D30-C933F621B9D4}.Release|x64.ActiveCfg = Release|x64
		{20259BE1-55C9-4EFB-9D30-C933F621B9D4}.Release|x64.Build.0 = Release|x64
		{004D1E3E-F20E-4ECA-ABB1-467D1CE2C173}.Debug|x64.ActiveCfg = Release|x64
		{004D1E3E-F20E-4ECA-ABB1-467D1CE2C173}.Debug|x64.Build.0 = Release|x64
		{004D1E3E-F20E-4ECA-ABB1-467D1CE2C173}.Release|x64.ActiveCfg = Release|x64
		{004D1E3E-F20E-4ECA-ABB1-467D1CE2C173}.Release|x64.Build.0 = Release|x64
		{6F81D40A-6AA0-4C8B-A395-779EF3003CA4}.Debug|x64.ActiveCfg = Debug|x64
		{6F81D40A-6AA0-4C8B-A395-779EF3003CA4}.Debug|x64.Build.0 = Debug|x64
		{6F81D40A-6AA0-4C8B-A395-779EF3003CA4}.Release|x64.ActiveCfg = Release|x64
		{6F81D40A-6AA0-4C8B-A395-779EF3003CA4}.Release|x64.Build.0 = Release|x64
		{7A7C78E5-0307-4139-9625-401A5A56C51F}.Debug|x64.ActiveCfg = Release|x64
		{7A7C78E5-0307-4139-9625-401A5A56C51F}.Debug|x64.Build.0 = Release|x64
		{7A7C78E5-0307-4139-9625-401A5A56C51F}.Release|x64.ActiveCfg = Release|x64
		{7A7C78E5-0307-4139-9625-401A5A56C51F}.Release|x64.Build.0 = Release|x64
		{A759300D-9550-47BA-8616-C24B6BC05A02}.Debug|x64.ActiveCfg = Release|x64
		{A759300D-9550-47BA-8616-C24B6BC05A02}.Debug|x64.Build.0 = Release|x64
		{A759300D-9550-47BA-8616-C24B6BC05A02}.Release|x64.ActiveCfg = Release|x64
		{A759300D-9550-47BA-8616-C24B6BC05A02}.Release|x64.Build.0 = Release|x64
		{E9E9663C-153B-4977-9D0B-E87AFB93280A}.Debug|x64.ActiveCfg = Debug|x86
		{E9E9663C-153B-4977-9D0B-E87AFB93280A}.Debug|x64.Build.0 = Debug|x86
		{E9E9663C-153B-4977-9D0B-E87AFB93280A}.Release|x64.ActiveCfg = Release|x86
		{E9E9663C-153B-4977-9D0B-E87AFB93280A}.Release|x64.Build.0 = Release|x86
		{40085232-ACED-4CBE-945B-90BA8153C151}.Debug|x64.ActiveCfg = Debug|Any CPU
		{40085232-ACED-4CBE-945B-90BA8153C151}.Debug|x64.Build.0 = Debug|Any CPU
		{40085232-ACED-4CBE-945B-90BA8153C151}.Release|x64.ActiveCfg = Release|Any CPU
		{40085232-ACED-4CBE-945B-90BA8153C151}.Release|x64.Build.0 = Release|Any CPU
		{DAE33996-53E3-46A3-8F06-CBAF0AFE3708}.Debug|x64.ActiveCfg = Debug|Any CPU
		{DAE33996-53E3-46A3-8F06-CBAF0AFE3708}.Debug|x64.Build.0 = Debug|Any CPU
		{DAE33996-53E3-46A3-8F06-CBAF0AFE3708}.Release|x64.ActiveCfg = Release|Any CPU
		{DAE33996-53E3-46A3-8F06-CBAF0AFE3708}.Release|x64.Build.0 = Release|Any CPU
		{FEA699AE-DB83-43DC-AB85-99F2E90C328F}.Debug|x64.ActiveCfg = Debug|Any CPU
		{FEA699AE-DB83-43DC-AB85-99F2E90C328F}.Debug|x64.Build.0 = Debug|Any CPU
		{FEA699AE-DB83-43DC-AB85-99F2E90C328F}.Release|x64.ActiveCfg = Release|Any CPU
		{FEA699AE-DB83-43DC-AB85-99F2E90C328F}.Release|x64.Build.0 = Release|Any CPU
		{053A704B-5C79-4CDE-B1FC-B952051ACAA0}.Debug|x64.ActiveCfg = Debug|x64
		{053A704B-5C79-4CDE-B1FC-B952051ACAA0}.Debug|x64.Build.0 = Debug|x64
		{053A704B-5C79-4CDE-B1FC-B952051ACAA0}.Release|x64.ActiveCfg = Release|x64
		{053A704B-5C79-4CDE-B1FC-B952051ACAA0}.Release|x64.Build.0 = Release|x64
	EndGlobalSection
	GlobalSection(SolutionProperties) = preSolution
		HideSolutionNode = FALSE
	EndGlobalSection
	GlobalSection(ExtensibilityGlobals) = postSolution
		SolutionGuid = {490F6EB6-991A-412C-B8F2-336A989F162A}
	EndGlobalSection
EndGlobal
