Microsoft Visual Studio Solution File, Format Version 12.00
# Visual Studio Version 16
VisualStudioVersion = 16.0.29215.179
MinimumVisualStudioVersion = 10.0.40219.1
Project("{8BC9CEB8-8B4A-11D0-8D11-00A0C91BC942}") = "Aurora-LogiLEDWrapper", "Aurora-LogiLEDWrapper\Aurora-LogiLEDWrapper.vcxproj", "{20259BE1-55C9-4EFB-9D30-C933F621B9D4}"
EndProject
Project("{8BC9CEB8-8B4A-11D0-8D11-00A0C91BC942}") = "Aurora-RazerLEDWrapper", "Aurora-RazerLEDWrapper\Aurora-RazerLEDWrapper.vcxproj", "{004D1E3E-F20E-4ECA-ABB1-467D1CE2C173}"
EndProject
Project("{8BC9CEB8-8B4A-11D0-8D11-00A0C91BC942}") = "Aurora-LeagueLogiLEDWrapper", "Aurora-LeagueLogiLEDWrapper\Aurora-LeagueLogiLEDWrapper.vcxproj", "{7A7C78E5-0307-4139-9625-401A5A56C51F}"
EndProject
Project("{8BC9CEB8-8B4A-11D0-8D11-00A0C91BC942}") = "Aurora-LightFXWrapper", "Aurora-LightFXWrapper\Aurora-LightFXWrapper.vcxproj", "{A759300D-9550-47BA-8616-C24B6BC05A02}"
EndProject
Project("{FAE04EC0-301F-11D3-BF4B-00C04F79EFBC}") = "Aurora-SkypeIntegration", "Aurora-SkypeIntegration\Aurora-SkypeIntegration.csproj", "{E9E9663C-153B-4977-9D0B-E87AFB93280A}"
EndProject
Project("{9A19103F-16F7-4668-BE54-9A1E7A4F7556}") = "Wooting.NET", "..\Wooting.NET\Wooting.NET\Wooting.NET.csproj", "{FEA699AE-DB83-43DC-AB85-99F2E90C328F}"
EndProject
Project("{8BC9CEB8-8B4A-11D0-8D11-00A0C91BC942}") = "SBAuroraReactive", "..\SBAuroraR.NET\SBAuroraReactive\SBAuroraReactive.vcxproj", "{053A704B-5C79-4CDE-B1FC-B952051ACAA0}"
EndProject
Project("{9A19103F-16F7-4668-BE54-9A1E7A4F7556}") = "NZXTSharp", "..\NZXTSharp\NZXTSharp\NZXTSharp.csproj", "{62094023-0479-4DD4-8A74-4321CC0F08DD}"
EndProject
Project("{9A19103F-16F7-4668-BE54-9A1E7A4F7556}") = "AuroraUI", "AuroraUI\AuroraUI.csproj", "{C7BB12A1-D298-45F9-B4B2-7C5F926DB7A6}"
EndProject
Project("{FAE04EC0-301F-11D3-BF4B-00C04F79EFBC}") = "AuroraCore", "AuroraCore\AuroraCore.csproj", "{9BE102CC-71BE-46AC-864A-319AABEE812A}"
EndProject
Global
	GlobalSection(SolutionConfigurationPlatforms) = preSolution
		Debug|Any CPU = Debug|Any CPU
		Debug|x64 = Debug|x64
		Release|Any CPU = Release|Any CPU
		Release|x64 = Release|x64
	EndGlobalSection
	GlobalSection(ProjectConfigurationPlatforms) = postSolution
		{20259BE1-55C9-4EFB-9D30-C933F621B9D4}.Debug|Any CPU.ActiveCfg = Debug|x64
		{20259BE1-55C9-4EFB-9D30-C933F621B9D4}.Debug|Any CPU.Build.0 = Debug|x64
		{20259BE1-55C9-4EFB-9D30-C933F621B9D4}.Debug|x64.ActiveCfg = Release|x64
		{20259BE1-55C9-4EFB-9D30-C933F621B9D4}.Debug|x64.Build.0 = Release|x64
		{20259BE1-55C9-4EFB-9D30-C933F621B9D4}.Release|Any CPU.ActiveCfg = Release|x64
		{20259BE1-55C9-4EFB-9D30-C933F621B9D4}.Release|Any CPU.Build.0 = Release|x64
		{20259BE1-55C9-4EFB-9D30-C933F621B9D4}.Release|x64.ActiveCfg = Release|x64
		{20259BE1-55C9-4EFB-9D30-C933F621B9D4}.Release|x64.Build.0 = Release|x64
		{004D1E3E-F20E-4ECA-ABB1-467D1CE2C173}.Debug|Any CPU.ActiveCfg = Debug|x64
		{004D1E3E-F20E-4ECA-ABB1-467D1CE2C173}.Debug|Any CPU.Build.0 = Debug|x64
		{004D1E3E-F20E-4ECA-ABB1-467D1CE2C173}.Debug|x64.ActiveCfg = Release|x64
		{004D1E3E-F20E-4ECA-ABB1-467D1CE2C173}.Debug|x64.Build.0 = Release|x64
		{004D1E3E-F20E-4ECA-ABB1-467D1CE2C173}.Release|Any CPU.ActiveCfg = Release|x64
		{004D1E3E-F20E-4ECA-ABB1-467D1CE2C173}.Release|Any CPU.Build.0 = Release|x64
		{004D1E3E-F20E-4ECA-ABB1-467D1CE2C173}.Release|x64.ActiveCfg = Release|x64
		{004D1E3E-F20E-4ECA-ABB1-467D1CE2C173}.Release|x64.Build.0 = Release|x64
		{7A7C78E5-0307-4139-9625-401A5A56C51F}.Debug|Any CPU.ActiveCfg = Debug|x64
		{7A7C78E5-0307-4139-9625-401A5A56C51F}.Debug|Any CPU.Build.0 = Debug|x64
		{7A7C78E5-0307-4139-9625-401A5A56C51F}.Debug|x64.ActiveCfg = Release|x64
		{7A7C78E5-0307-4139-9625-401A5A56C51F}.Debug|x64.Build.0 = Release|x64
		{7A7C78E5-0307-4139-9625-401A5A56C51F}.Release|Any CPU.ActiveCfg = Release|x64
		{7A7C78E5-0307-4139-9625-401A5A56C51F}.Release|Any CPU.Build.0 = Release|x64
		{7A7C78E5-0307-4139-9625-401A5A56C51F}.Release|x64.ActiveCfg = Release|x64
		{7A7C78E5-0307-4139-9625-401A5A56C51F}.Release|x64.Build.0 = Release|x64
		{A759300D-9550-47BA-8616-C24B6BC05A02}.Debug|Any CPU.ActiveCfg = Debug|x64
		{A759300D-9550-47BA-8616-C24B6BC05A02}.Debug|Any CPU.Build.0 = Debug|x64
		{A759300D-9550-47BA-8616-C24B6BC05A02}.Debug|x64.ActiveCfg = Release|x64
		{A759300D-9550-47BA-8616-C24B6BC05A02}.Debug|x64.Build.0 = Release|x64
		{A759300D-9550-47BA-8616-C24B6BC05A02}.Release|Any CPU.ActiveCfg = Release|x64
		{A759300D-9550-47BA-8616-C24B6BC05A02}.Release|Any CPU.Build.0 = Release|x64
		{A759300D-9550-47BA-8616-C24B6BC05A02}.Release|x64.ActiveCfg = Release|x64
		{A759300D-9550-47BA-8616-C24B6BC05A02}.Release|x64.Build.0 = Release|x64
		{E9E9663C-153B-4977-9D0B-E87AFB93280A}.Debug|Any CPU.ActiveCfg = Debug|x86
		{E9E9663C-153B-4977-9D0B-E87AFB93280A}.Debug|Any CPU.Build.0 = Debug|x86
		{E9E9663C-153B-4977-9D0B-E87AFB93280A}.Debug|x64.ActiveCfg = Debug|x86
		{E9E9663C-153B-4977-9D0B-E87AFB93280A}.Debug|x64.Build.0 = Debug|x86
		{E9E9663C-153B-4977-9D0B-E87AFB93280A}.Release|Any CPU.ActiveCfg = Release|x86
		{E9E9663C-153B-4977-9D0B-E87AFB93280A}.Release|Any CPU.Build.0 = Release|x86
		{E9E9663C-153B-4977-9D0B-E87AFB93280A}.Release|x64.ActiveCfg = Release|x86
		{E9E9663C-153B-4977-9D0B-E87AFB93280A}.Release|x64.Build.0 = Release|x86
		{FEA699AE-DB83-43DC-AB85-99F2E90C328F}.Debug|Any CPU.ActiveCfg = Debug|Any CPU
		{FEA699AE-DB83-43DC-AB85-99F2E90C328F}.Debug|Any CPU.Build.0 = Debug|Any CPU
		{FEA699AE-DB83-43DC-AB85-99F2E90C328F}.Debug|x64.ActiveCfg = Debug|Any CPU
		{FEA699AE-DB83-43DC-AB85-99F2E90C328F}.Debug|x64.Build.0 = Debug|Any CPU
		{FEA699AE-DB83-43DC-AB85-99F2E90C328F}.Release|Any CPU.ActiveCfg = Release|Any CPU
		{FEA699AE-DB83-43DC-AB85-99F2E90C328F}.Release|Any CPU.Build.0 = Release|Any CPU
		{FEA699AE-DB83-43DC-AB85-99F2E90C328F}.Release|x64.ActiveCfg = Release|Any CPU
		{FEA699AE-DB83-43DC-AB85-99F2E90C328F}.Release|x64.Build.0 = Release|Any CPU
		{053A704B-5C79-4CDE-B1FC-B952051ACAA0}.Debug|Any CPU.ActiveCfg = Debug|x64
		{053A704B-5C79-4CDE-B1FC-B952051ACAA0}.Debug|Any CPU.Build.0 = Debug|x64
		{053A704B-5C79-4CDE-B1FC-B952051ACAA0}.Debug|x64.ActiveCfg = Debug|x64
		{053A704B-5C79-4CDE-B1FC-B952051ACAA0}.Debug|x64.Build.0 = Debug|x64
		{053A704B-5C79-4CDE-B1FC-B952051ACAA0}.Release|Any CPU.ActiveCfg = Release|x64
		{053A704B-5C79-4CDE-B1FC-B952051ACAA0}.Release|Any CPU.Build.0 = Release|x64
		{053A704B-5C79-4CDE-B1FC-B952051ACAA0}.Release|x64.ActiveCfg = Release|x64
		{053A704B-5C79-4CDE-B1FC-B952051ACAA0}.Release|x64.Build.0 = Release|x64
		{62094023-0479-4DD4-8A74-4321CC0F08DD}.Debug|Any CPU.ActiveCfg = Debug|Any CPU
		{62094023-0479-4DD4-8A74-4321CC0F08DD}.Debug|Any CPU.Build.0 = Debug|Any CPU
		{62094023-0479-4DD4-8A74-4321CC0F08DD}.Debug|x64.ActiveCfg = Debug|Any CPU
		{62094023-0479-4DD4-8A74-4321CC0F08DD}.Debug|x64.Build.0 = Debug|Any CPU
		{62094023-0479-4DD4-8A74-4321CC0F08DD}.Release|Any CPU.ActiveCfg = Release|Any CPU
		{62094023-0479-4DD4-8A74-4321CC0F08DD}.Release|Any CPU.Build.0 = Release|Any CPU
		{62094023-0479-4DD4-8A74-4321CC0F08DD}.Release|x64.ActiveCfg = Release|Any CPU
		{62094023-0479-4DD4-8A74-4321CC0F08DD}.Release|x64.Build.0 = Release|Any CPU
		{C7BB12A1-D298-45F9-B4B2-7C5F926DB7A6}.Debug|Any CPU.ActiveCfg = Debug|Any CPU
		{C7BB12A1-D298-45F9-B4B2-7C5F926DB7A6}.Debug|Any CPU.Build.0 = Debug|Any CPU
		{C7BB12A1-D298-45F9-B4B2-7C5F926DB7A6}.Debug|x64.ActiveCfg = Debug|Any CPU
		{C7BB12A1-D298-45F9-B4B2-7C5F926DB7A6}.Debug|x64.Build.0 = Debug|Any CPU
		{C7BB12A1-D298-45F9-B4B2-7C5F926DB7A6}.Release|Any CPU.ActiveCfg = Release|Any CPU
		{C7BB12A1-D298-45F9-B4B2-7C5F926DB7A6}.Release|Any CPU.Build.0 = Release|Any CPU
		{C7BB12A1-D298-45F9-B4B2-7C5F926DB7A6}.Release|x64.ActiveCfg = Release|Any CPU
		{C7BB12A1-D298-45F9-B4B2-7C5F926DB7A6}.Release|x64.Build.0 = Release|Any CPU
		{9BE102CC-71BE-46AC-864A-319AABEE812A}.Debug|Any CPU.ActiveCfg = Debug|Any CPU
		{9BE102CC-71BE-46AC-864A-319AABEE812A}.Debug|Any CPU.Build.0 = Debug|Any CPU
		{9BE102CC-71BE-46AC-864A-319AABEE812A}.Debug|x64.ActiveCfg = Debug|Any CPU
		{9BE102CC-71BE-46AC-864A-319AABEE812A}.Debug|x64.Build.0 = Debug|Any CPU
		{9BE102CC-71BE-46AC-864A-319AABEE812A}.Release|Any CPU.ActiveCfg = Release|Any CPU
		{9BE102CC-71BE-46AC-864A-319AABEE812A}.Release|Any CPU.Build.0 = Release|Any CPU
		{9BE102CC-71BE-46AC-864A-319AABEE812A}.Release|x64.ActiveCfg = Release|Any CPU
		{9BE102CC-71BE-46AC-864A-319AABEE812A}.Release|x64.Build.0 = Release|Any CPU
	EndGlobalSection
	GlobalSection(SolutionProperties) = preSolution
		HideSolutionNode = FALSE
	EndGlobalSection
	GlobalSection(ExtensibilityGlobals) = postSolution
		SolutionGuid = {490F6EB6-991A-412C-B8F2-336A989F162A}
	EndGlobalSection
EndGlobal
